
Microsoft Visual Studio Solution File, Format Version 11.00
# Visual Studio 2010
Project("{FAE04EC0-301F-11D3-BF4B-00C04F79EFBC}") = "SimpleSample", "SimpleSample\SimpleSample.csproj", "{FADE17E4-2125-4DC2-A000-82C0EECF0502}"
EndProject
Project("{FAE04EC0-301F-11D3-BF4B-00C04F79EFBC}") = "SimpleSample.Test", "SimpleSample.Test\SimpleSample.Test.csproj", "{46EB7DEF-E639-4F63-A14B-B1FECAB35D09}"
EndProject
Project("{2150E333-8FDC-42A3-9474-1A3956D46DE8}") = "Solution Items", "Solution Items", "{00685926-54C3-4C18-974F-A3C26C04893E}"
	ProjectSection(SolutionItems) = preProject
		Local.testsettings = Local.testsettings
		SimpleSample.vsmdi = SimpleSample.vsmdi
		TraceAndTestImpact.testsettings = TraceAndTestImpact.testsettings
	EndProjectSection
EndProject
Global
	GlobalSection(TestCaseManagementSettings) = postSolution
		CategoryFile = SimpleSample.vsmdi
	EndGlobalSection
	GlobalSection(SolutionConfigurationPlatforms) = preSolution
		Debug|Any CPU = Debug|Any CPU
		Debug|Mixed Platforms = Debug|Mixed Platforms
		Debug|x86 = Debug|x86
		Release|Any CPU = Release|Any CPU
		Release|Mixed Platforms = Release|Mixed Platforms
		Release|x86 = Release|x86
	EndGlobalSection
	GlobalSection(ProjectConfigurationPlatforms) = postSolution
		{FADE17E4-2125-4DC2-A000-82C0EECF0502}.Debug|Any CPU.ActiveCfg = Debug|x86
		{FADE17E4-2125-4DC2-A000-82C0EECF0502}.Debug|Mixed Platforms.ActiveCfg = Debug|x86
		{FADE17E4-2125-4DC2-A000-82C0EECF0502}.Debug|Mixed Platforms.Build.0 = Debug|x86
		{FADE17E4-2125-4DC2-A000-82C0EECF0502}.Debug|x86.ActiveCfg = Debug|x86
		{FADE17E4-2125-4DC2-A000-82C0EECF0502}.Debug|x86.Build.0 = Debug|x86
		{FADE17E4-2125-4DC2-A000-82C0EECF0502}.Release|Any CPU.ActiveCfg = Release|x86
		{FADE17E4-2125-4DC2-A000-82C0EECF0502}.Release|Mixed Platforms.ActiveCfg = Release|x86
		{FADE17E4-2125-4DC2-A000-82C0EECF0502}.Release|Mixed Platforms.Build.0 = Release|x86
		{FADE17E4-2125-4DC2-A000-82C0EECF0502}.Release|x86.ActiveCfg = Release|x86
		{FADE17E4-2125-4DC2-A000-82C0EECF0502}.Release|x86.Build.0 = Release|x86
		{46EB7DEF-E639-4F63-A14B-B1FECAB35D09}.Debug|Any CPU.ActiveCfg = Debug|Any CPU
		{46EB7DEF-E639-4F63-A14B-B1FECAB35D09}.Debug|Any CPU.Build.0 = Debug|Any CPU
		{46EB7DEF-E639-4F63-A14B-B1FECAB35D09}.Debug|Mixed Platforms.ActiveCfg = Debug|Any CPU
		{46EB7DEF-E639-4F63-A14B-B1FECAB35D09}.Debug|Mixed Platforms.Build.0 = Debug|Any CPU
		{46EB7DEF-E639-4F63-A14B-B1FECAB35D09}.Debug|x86.ActiveCfg = Debug|Any CPU
		{46EB7DEF-E639-4F63-A14B-B1FECAB35D09}.Release|Any CPU.ActiveCfg = Release|Any CPU
		{46EB7DEF-E639-4F63-A14B-B1FECAB35D09}.Release|Any CPU.Build.0 = Release|Any CPU
		{46EB7DEF-E639-4F63-A14B-B1FECAB35D09}.Release|Mixed Platforms.ActiveCfg = Release|Any CPU
		{46EB7DEF-E639-4F63-A14B-B1FECAB35D09}.Release|Mixed Platforms.Build.0 = Release|Any CPU
		{46EB7DEF-E639-4F63-A14B-B1FECAB35D09}.Release|x86.ActiveCfg = Release|Any CPU
	EndGlobalSection
	GlobalSection(SolutionProperties) = preSolution
		HideSolutionNode = FALSE
	EndGlobalSection
EndGlobal
